
Microsoft Visual Studio Solution File, Format Version 12.00
# Visual Studio Version 17
VisualStudioVersion = 17.4.33110.190
MinimumVisualStudioVersion = 10.0.40219.1
Project("{FAE04EC0-301F-11D3-BF4B-00C04F79EFBC}") = "SearchGoogle", "SearchGoogle\SearchGoogle.csproj", "{A65A3D49-F6DB-4FE6-B1F3-BD85FDA81DBA}"
EndProject
Global
	GlobalSection(SolutionConfigurationPlatforms) = preSolution
		Debug|Any CPU = Debug|Any CPU
		Release|Any CPU = Release|Any CPU
	EndGlobalSection
	GlobalSection(ProjectConfigurationPlatforms) = postSolution
		{A65A3D49-F6DB-4FE6-B1F3-BD85FDA81DBA}.Debug|Any CPU.ActiveCfg = Debug|Any CPU
		{A65A3D49-F6DB-4FE6-B1F3-BD85FDA81DBA}.Debug|Any CPU.Build.0 = Debug|Any CPU
		{A65A3D49-F6DB-4FE6-B1F3-BD85FDA81DBA}.Release|Any CPU.ActiveCfg = Release|Any CPU
		{A65A3D49-F6DB-4FE6-B1F3-BD85FDA81DBA}.Release|Any CPU.Build.0 = Release|Any CPU
	EndGlobalSection
	GlobalSection(SolutionProperties) = preSolution
		HideSolutionNode = FALSE
	EndGlobalSection
	GlobalSection(ExtensibilityGlobals) = postSolution
		SolutionGuid = {35097798-E8D3-4148-8AA6-25DA05584DC8}
	EndGlobalSection
EndGlobal
